{
  "name": "browser-ui-icons",
  "lockfileVersion": 3,
  "requires": true,
  "packages": {
    "": {
      "name": "browser-ui-icons",
      "devDependencies": {
        "@iconify-json/mynaui": "^1.2.0"
      }
    },
    "node_modules/@iconify-json/mynaui": {
      "version": "1.2.17",
      "resolved": "https://registry.npmjs.org/@iconify-json/mynaui/-/mynaui-1.2.17.tgz",
      "integrity": "sha512-2FU5KinDgppL8SmOimyxTWxKgC6MujmrOXW90z+331mE1UYkGBhdh+dlgKD6b45dHrN6ERzm5hIh4AadNzF4bw==",
      "dev": true,
      "license": "MIT",
      "dependencies": {
        "@iconify/types": "*"
      }
    },
    "node_modules/@iconify/types": {
      "version": "2.0.0",
      "resolved": "https://registry.npmjs.org/@iconify/types/-/types-2.0.0.tgz",
      "integrity": "sha512-+wluvCrRhXrhyOmRDJ3q8mux9JkKy5SJ/v8ol2tu4FVjyYvtEzkc/3pK15ET6RKg4b4w4BmTk1+gsCUhf21Ykg==",
      "dev": true,
      "license": "MIT"
    }
  }
}
